
Microsoft Visual Studio Solution File, Format Version 12.00
# Visual Studio Version 16
VisualStudioVersion = 16.0.30804.86
MinimumVisualStudioVersion = 10.0.40219.1
Project("{9A19103F-16F7-4668-BE54-9A1E7A4F7556}") = "Task1", "Task1\Task1.csproj", "{6F4A5E3B-93FC-456F-A1C7-0279291C5903}"
EndProject
Project("{9A19103F-16F7-4668-BE54-9A1E7A4F7556}") = "Task1Test", "Task1Test\Task1Test.csproj", "{65CE1C8C-3ED0-44E5-8264-5DE558EC65FD}"
EndProject
Project("{FAE04EC0-301F-11D3-BF4B-00C04F79EFBC}") = "Task2", "Task2\Task2.csproj", "{0569965D-D5B2-4965-8AE5-AE30BAD3ADA9}"
EndProject
Project("{FAE04EC0-301F-11D3-BF4B-00C04F79EFBC}") = "Task2Test", "Task2Test\Task2Test.csproj", "{2D0D7A2F-20D0-4C8C-9B42-8B2D655DDAD5}"
EndProject
Global
	GlobalSection(SolutionConfigurationPlatforms) = preSolution
		Debug|Any CPU = Debug|Any CPU
		Release|Any CPU = Release|Any CPU
	EndGlobalSection
	GlobalSection(ProjectConfigurationPlatforms) = postSolution
		{6F4A5E3B-93FC-456F-A1C7-0279291C5903}.Debug|Any CPU.ActiveCfg = Debug|Any CPU
		{6F4A5E3B-93FC-456F-A1C7-0279291C5903}.Debug|Any CPU.Build.0 = Debug|Any CPU
		{6F4A5E3B-93FC-456F-A1C7-0279291C5903}.Release|Any CPU.ActiveCfg = Release|Any CPU
		{6F4A5E3B-93FC-456F-A1C7-0279291C5903}.Release|Any CPU.Build.0 = Release|Any CPU
		{65CE1C8C-3ED0-44E5-8264-5DE558EC65FD}.Debug|Any CPU.ActiveCfg = Debug|Any CPU
		{65CE1C8C-3ED0-44E5-8264-5DE558EC65FD}.Debug|Any CPU.Build.0 = Debug|Any CPU
		{65CE1C8C-3ED0-44E5-8264-5DE558EC65FD}.Release|Any CPU.ActiveCfg = Release|Any CPU
		{65CE1C8C-3ED0-44E5-8264-5DE558EC65FD}.Release|Any CPU.Build.0 = Release|Any CPU
		{0569965D-D5B2-4965-8AE5-AE30BAD3ADA9}.Debug|Any CPU.ActiveCfg = Debug|Any CPU
		{0569965D-D5B2-4965-8AE5-AE30BAD3ADA9}.Debug|Any CPU.Build.0 = Debug|Any CPU
		{0569965D-D5B2-4965-8AE5-AE30BAD3ADA9}.Release|Any CPU.ActiveCfg = Release|Any CPU
		{0569965D-D5B2-4965-8AE5-AE30BAD3ADA9}.Release|Any CPU.Build.0 = Release|Any CPU
		{2D0D7A2F-20D0-4C8C-9B42-8B2D655DDAD5}.Debug|Any CPU.ActiveCfg = Debug|Any CPU
		{2D0D7A2F-20D0-4C8C-9B42-8B2D655DDAD5}.Debug|Any CPU.Build.0 = Debug|Any CPU
		{2D0D7A2F-20D0-4C8C-9B42-8B2D655DDAD5}.Release|Any CPU.ActiveCfg = Release|Any CPU
		{2D0D7A2F-20D0-4C8C-9B42-8B2D655DDAD5}.Release|Any CPU.Build.0 = Release|Any CPU
	EndGlobalSection
	GlobalSection(SolutionProperties) = preSolution
		HideSolutionNode = FALSE
	EndGlobalSection
	GlobalSection(ExtensibilityGlobals) = postSolution
		SolutionGuid = {83FF2604-F8F5-4FB8-A270-F0052F3459EB}
	EndGlobalSection
EndGlobal
